
Microsoft Visual Studio Solution File, Format Version 12.00
# Visual Studio Version 17
VisualStudioVersion = 17.4.33213.308
MinimumVisualStudioVersion = 10.0.40219.1
Project("{9A19103F-16F7-4668-BE54-9A1E7A4F7556}") = "ShopOnline", "ShopOnline\ShopOnline.csproj", "{C59D48A3-027C-4EBC-9598-07D33FB3A7D5}"
EndProject
Global
	GlobalSection(SolutionConfigurationPlatforms) = preSolution
		Debug|Any CPU = Debug|Any CPU
		Release|Any CPU = Release|Any CPU
	EndGlobalSection
	GlobalSection(ProjectConfigurationPlatforms) = postSolution
		{C59D48A3-027C-4EBC-9598-07D33FB3A7D5}.Debug|Any CPU.ActiveCfg = Debug|Any CPU
		{C59D48A3-027C-4EBC-9598-07D33FB3A7D5}.Debug|Any CPU.Build.0 = Debug|Any CPU
		{C59D48A3-027C-4EBC-9598-07D33FB3A7D5}.Release|Any CPU.ActiveCfg = Release|Any CPU
		{C59D48A3-027C-4EBC-9598-07D33FB3A7D5}.Release|Any CPU.Build.0 = Release|Any CPU
	EndGlobalSection
	GlobalSection(SolutionProperties) = preSolution
		HideSolutionNode = FALSE
	EndGlobalSection
	GlobalSection(ExtensibilityGlobals) = postSolution
		SolutionGuid = {1D361F8D-0409-43CB-99BB-59EFA4075B76}
	EndGlobalSection
EndGlobal
